
Microsoft Visual Studio Solution File, Format Version 12.00
# Visual Studio Version 16
VisualStudioVersion = 16.0.30804.86
MinimumVisualStudioVersion = 10.0.40219.1
Project("{9A19103F-16F7-4668-BE54-9A1E7A4F7556}") = "MyLambda", "MyLambda\MyLambda.csproj", "{C61808E3-C46C-40C4-B9FD-449129B3927C}"
EndProject
Project("{9A19103F-16F7-4668-BE54-9A1E7A4F7556}") = "MyLambda.Tests", "MyLambda.Tests\MyLambda.Tests.csproj", "{97F1177A-B502-4E90-B9E6-0CB2A869BB06}"
EndProject
Global
	GlobalSection(SolutionConfigurationPlatforms) = preSolution
		Debug|Any CPU = Debug|Any CPU
		Release|Any CPU = Release|Any CPU
	EndGlobalSection
	GlobalSection(ProjectConfigurationPlatforms) = postSolution
		{C61808E3-C46C-40C4-B9FD-449129B3927C}.Debug|Any CPU.ActiveCfg = Debug|Any CPU
		{C61808E3-C46C-40C4-B9FD-449129B3927C}.Debug|Any CPU.Build.0 = Debug|Any CPU
		{C61808E3-C46C-40C4-B9FD-449129B3927C}.Release|Any CPU.ActiveCfg = Release|Any CPU
		{C61808E3-C46C-40C4-B9FD-449129B3927C}.Release|Any CPU.Build.0 = Release|Any CPU
		{97F1177A-B502-4E90-B9E6-0CB2A869BB06}.Debug|Any CPU.ActiveCfg = Debug|Any CPU
		{97F1177A-B502-4E90-B9E6-0CB2A869BB06}.Debug|Any CPU.Build.0 = Debug|Any CPU
		{97F1177A-B502-4E90-B9E6-0CB2A869BB06}.Release|Any CPU.ActiveCfg = Release|Any CPU
		{97F1177A-B502-4E90-B9E6-0CB2A869BB06}.Release|Any CPU.Build.0 = Release|Any CPU
	EndGlobalSection
	GlobalSection(SolutionProperties) = preSolution
		HideSolutionNode = FALSE
	EndGlobalSection
	GlobalSection(ExtensibilityGlobals) = postSolution
		SolutionGuid = {1BD8D040-5170-4CC3-9A06-2FBF94EEAE93}
	EndGlobalSection
EndGlobal
